// !$*UTF8*$!
{
	archiveVersion = 1;
	classes = {
	};
	objectVersion = 52;
	objects = {

/* Begin PBXBuildFile section */
		0A2ADAFCAABBA31777BCCC7D /* Pods_DesignSwiftUI_DesignSwiftUIUITests.framework in Frameworks */ = {isa = PBXBuildFile; fileRef = FA12858BA1FA1CBA750B6F03 /* Pods_DesignSwiftUI_DesignSwiftUIUITests.framework */; };
		6F8C258F250300AC00D0A2D3 /* TabBar.swift in Sources */ = {isa = PBXBuildFile; fileRef = 6F8C256B250300AC00D0A2D3 /* TabBar.swift */; };
		6F8C2590250300AC00D0A2D3 /* BlurView.swift in Sources */ = {isa = PBXBuildFile; fileRef = 6F8C256C250300AC00D0A2D3 /* BlurView.swift */; };
		6F8C2591250300AC00D0A2D3 /* Data.swift in Sources */ = {isa = PBXBuildFile; fileRef = 6F8C256D250300AC00D0A2D3 /* Data.swift */; };
		6F8C2592250300AC00D0A2D3 /* CourseStore.swift in Sources */ = {isa = PBXBuildFile; fileRef = 6F8C256E250300AC00D0A2D3 /* CourseStore.swift */; };
		6F8C2593250300AC00D0A2D3 /* PostList.swift in Sources */ = {isa = PBXBuildFile; fileRef = 6F8C256F250300AC00D0A2D3 /* PostList.swift */; };
		6F8C2594250300AC00D0A2D3 /* Assets.xcassets in Resources */ = {isa = PBXBuildFile; fileRef = 6F8C2570250300AC00D0A2D3 /* Assets.xcassets */; };
		6F8C2595250300AC00D0A2D3 /* HomeView.swift in Sources */ = {isa = PBXBuildFile; fileRef = 6F8C2571250300AC00D0A2D3 /* HomeView.swift */; };
		6F8C2596250300AC00D0A2D3 /* Home.swift in Sources */ = {isa = PBXBuildFile; fileRef = 6F8C2572250300AC00D0A2D3 /* Home.swift */; };
		6F8C2597250300AC00D0A2D3 /* Modifiers.swift in Sources */ = {isa = PBXBuildFile; fileRef = 6F8C2573250300AC00D0A2D3 /* Modifiers.swift */; };
		6F8C2598250300AC00D0A2D3 /* Preview Assets.xcassets in Resources */ = {isa = PBXBuildFile; fileRef = 6F8C2575250300AC00D0A2D3 /* Preview Assets.xcassets */; };
		6F8C2599250300AC00D0A2D3 /* LaunchScreen.storyboard in Resources */ = {isa = PBXBuildFile; fileRef = 6F8C2576250300AC00D0A2D3 /* LaunchScreen.storyboard */; };
		6F8C259A250300AC00D0A2D3 /* UpdateStore.swift in Sources */ = {isa = PBXBuildFile; fileRef = 6F8C2578250300AC00D0A2D3 /* UpdateStore.swift */; };
		6F8C259B250300AC00D0A2D3 /* DataStore.swift in Sources */ = {isa = PBXBuildFile; fileRef = 6F8C2579250300AC00D0A2D3 /* DataStore.swift */; };
		6F8C259C250300AC00D0A2D3 /* UpdateDetail.swift in Sources */ = {isa = PBXBuildFile; fileRef = 6F8C257A250300AC00D0A2D3 /* UpdateDetail.swift */; };
		6F8C259D250300AC00D0A2D3 /* RingView.swift in Sources */ = {isa = PBXBuildFile; fileRef = 6F8C257B250300AC00D0A2D3 /* RingView.swift */; };
		6F8C259E250300AC00D0A2D3 /* CourseDetail.swift in Sources */ = {isa = PBXBuildFile; fileRef = 6F8C257C250300AC00D0A2D3 /* CourseDetail.swift */; };
		6F8C259F250300AC00D0A2D3 /* CourseList.swift in Sources */ = {isa = PBXBuildFile; fileRef = 6F8C257D250300AC00D0A2D3 /* CourseList.swift */; };
		6F8C25A0250300AC00D0A2D3 /* AppDelegate.swift in Sources */ = {isa = PBXBuildFile; fileRef = 6F8C257E250300AC00D0A2D3 /* AppDelegate.swift */; };
		6F8C25A1250300AC00D0A2D3 /* UpdateList.swift in Sources */ = {isa = PBXBuildFile; fileRef = 6F8C257F250300AC00D0A2D3 /* UpdateList.swift */; };
		6F8C25A2250300AC00D0A2D3 /* ContentView.swift in Sources */ = {isa = PBXBuildFile; fileRef = 6F8C2580250300AC00D0A2D3 /* ContentView.swift */; };
		6F8C25A3250300AC00D0A2D3 /* MenuView.swift in Sources */ = {isa = PBXBuildFile; fileRef = 6F8C2581250300AC00D0A2D3 /* MenuView.swift */; };
		6F8C25A5250300AC00D0A2D3 /* SceneDelegate.swift in Sources */ = {isa = PBXBuildFile; fileRef = 6F8C2583250300AC00D0A2D3 /* SceneDelegate.swift */; };
		6F8C25A6250300AC00D0A2D3 /* WorkSans-Regular.ttf in Resources */ = {isa = PBXBuildFile; fileRef = 6F8C2585250300AC00D0A2D3 /* WorkSans-Regular.ttf */; };
		6F8C25A7250300AC00D0A2D3 /* WorkSans-Light.ttf in Resources */ = {isa = PBXBuildFile; fileRef = 6F8C2586250300AC00D0A2D3 /* WorkSans-Light.ttf */; };
		6F8C25A8250300AC00D0A2D3 /* WorkSans-ExtraBold.ttf in Resources */ = {isa = PBXBuildFile; fileRef = 6F8C2587250300AC00D0A2D3 /* WorkSans-ExtraBold.ttf */; };
		6F8C25A9250300AC00D0A2D3 /* WorkSans-ExtraLight.ttf in Resources */ = {isa = PBXBuildFile; fileRef = 6F8C2588250300AC00D0A2D3 /* WorkSans-ExtraLight.ttf */; };
		6F8C25AA250300AC00D0A2D3 /* WorkSans-Medium.ttf in Resources */ = {isa = PBXBuildFile; fileRef = 6F8C2589250300AC00D0A2D3 /* WorkSans-Medium.ttf */; };
		6F8C25AB250300AC00D0A2D3 /* WorkSans-SemiBold.ttf in Resources */ = {isa = PBXBuildFile; fileRef = 6F8C258A250300AC00D0A2D3 /* WorkSans-SemiBold.ttf */; };
		6F8C25AC250300AC00D0A2D3 /* OFL.txt in Resources */ = {isa = PBXBuildFile; fileRef = 6F8C258B250300AC00D0A2D3 /* OFL.txt */; };
		6F8C25AD250300AC00D0A2D3 /* WorkSans-Thin.ttf in Resources */ = {isa = PBXBuildFile; fileRef = 6F8C258C250300AC00D0A2D3 /* WorkSans-Thin.ttf */; };
		6F8C25AE250300AC00D0A2D3 /* WorkSans-Black.ttf in Resources */ = {isa = PBXBuildFile; fileRef = 6F8C258D250300AC00D0A2D3 /* WorkSans-Black.ttf */; };
		6F8C25AF250300AC00D0A2D3 /* WorkSans-Bold.ttf in Resources */ = {isa = PBXBuildFile; fileRef = 6F8C258E250300AC00D0A2D3 /* WorkSans-Bold.ttf */; };
		6F8C25B3250300B600D0A2D3 /* DesignSwiftUITests.swift in Sources */ = {isa = PBXBuildFile; fileRef = 6F8C25B1250300B500D0A2D3 /* DesignSwiftUITests.swift */; };
		6F8C25B8250300BF00D0A2D3 /* DesignSwiftUIUITests.swift in Sources */ = {isa = PBXBuildFile; fileRef = 6F8C25B6250300BF00D0A2D3 /* DesignSwiftUIUITests.swift */; };
		6FA2B6B42507E0630006E229 /* LoginView.swift in Sources */ = {isa = PBXBuildFile; fileRef = 6FA2B6B32507E0630006E229 /* LoginView.swift */; };
		6FA4CA05250950D2000C6AB4 /* Lottie in Frameworks */ = {isa = PBXBuildFile; productRef = 6FA4CA04250950D2000C6AB4 /* Lottie */; };
		6FA4CA07250951F1000C6AB4 /* LottieView.swift in Sources */ = {isa = PBXBuildFile; fileRef = 6FA4CA06250951F1000C6AB4 /* LottieView.swift */; };
		6FA4CA0925095375000C6AB4 /* cat.json in Resources */ = {isa = PBXBuildFile; fileRef = 6FA4CA0825095374000C6AB4 /* cat.json */; };
		6FD04C2A25069706005BB92B /* Buttons.swift in Sources */ = {isa = PBXBuildFile; fileRef = 6FD04C2925069706005BB92B /* Buttons.swift */; };
		6FFC29CB250953EB00D5F98B /* LoadingView.swift in Sources */ = {isa = PBXBuildFile; fileRef = 6FFC29CA250953EB00D5F98B /* LoadingView.swift */; };
		6FFC29CD250960E400D5F98B /* SuccessView.swift in Sources */ = {isa = PBXBuildFile; fileRef = 6FFC29CC250960E400D5F98B /* SuccessView.swift */; };
		6FFC29CF2509611F00D5F98B /* rocket.json in Resources */ = {isa = PBXBuildFile; fileRef = 6FFC29CE2509611F00D5F98B /* rocket.json */; };
		6FFC29D12509682300D5F98B /* GoogleService-Info.plist in Resources */ = {isa = PBXBuildFile; fileRef = 6FFC29D02509682300D5F98B /* GoogleService-Info.plist */; };
		A10A88C18602FD28F67F4B15 /* Pods_DesignSwiftUI.framework in Frameworks */ = {isa = PBXBuildFile; fileRef = 53AB7A52DC3C2FE4F0836C45 /* Pods_DesignSwiftUI.framework */; };
		F2D6879A2073D8EAFAF07FD7 /* Pods_DesignSwiftUITests.framework in Frameworks */ = {isa = PBXBuildFile; fileRef = 39F5DA698EBE724AFF646BE5 /* Pods_DesignSwiftUITests.framework */; };
/* End PBXBuildFile section */

/* Begin PBXContainerItemProxy section */
		E88438DF24365BF900414007 /* PBXContainerItemProxy */ = {
			isa = PBXContainerItemProxy;
			containerPortal = E88438C024365BF700414007 /* Project object */;
			proxyType = 1;
			remoteGlobalIDString = E88438C724365BF700414007;
			remoteInfo = 01;
		};
		E88438EA24365BF900414007 /* PBXContainerItemProxy */ = {
			isa = PBXContainerItemProxy;
			containerPortal = E88438C024365BF700414007 /* Project object */;
			proxyType = 1;
			remoteGlobalIDString = E88438C724365BF700414007;
			remoteInfo = 01;
		};
/* End PBXContainerItemProxy section */

/* Begin PBXFileReference section */
		18AB5F18C16CFAB483D1EEDD /* Pods-DesignSwiftUITests.debug.xcconfig */ = {isa = PBXFileReference; includeInIndex = 1; lastKnownFileType = text.xcconfig; name = "Pods-DesignSwiftUITests.debug.xcconfig"; path = "Target Support Files/Pods-DesignSwiftUITests/Pods-DesignSwiftUITests.debug.xcconfig"; sourceTree = "<group>"; };
		1CDFAAE2510F3AF562E570AA /* Pods-DesignSwiftUI.debug.xcconfig */ = {isa = PBXFileReference; includeInIndex = 1; lastKnownFileType = text.xcconfig; name = "Pods-DesignSwiftUI.debug.xcconfig"; path = "Target Support Files/Pods-DesignSwiftUI/Pods-DesignSwiftUI.debug.xcconfig"; sourceTree = "<group>"; };
		253D3586FE404D8B9DF29FBA /* Pods-DesignSwiftUITests.release.xcconfig */ = {isa = PBXFileReference; includeInIndex = 1; lastKnownFileType = text.xcconfig; name = "Pods-DesignSwiftUITests.release.xcconfig"; path = "Target Support Files/Pods-DesignSwiftUITests/Pods-DesignSwiftUITests.release.xcconfig"; sourceTree = "<group>"; };
		39F5DA698EBE724AFF646BE5 /* Pods_DesignSwiftUITests.framework */ = {isa = PBXFileReference; explicitFileType = wrapper.framework; includeInIndex = 0; path = Pods_DesignSwiftUITests.framework; sourceTree = BUILT_PRODUCTS_DIR; };
		53AB7A52DC3C2FE4F0836C45 /* Pods_DesignSwiftUI.framework */ = {isa = PBXFileReference; explicitFileType = wrapper.framework; includeInIndex = 0; path = Pods_DesignSwiftUI.framework; sourceTree = BUILT_PRODUCTS_DIR; };
		6F8C256B250300AC00D0A2D3 /* TabBar.swift */ = {isa = PBXFileReference; fileEncoding = 4; lastKnownFileType = sourcecode.swift; path = TabBar.swift; sourceTree = "<group>"; };
		6F8C256C250300AC00D0A2D3 /* BlurView.swift */ = {isa = PBXFileReference; fileEncoding = 4; lastKnownFileType = sourcecode.swift; path = BlurView.swift; sourceTree = "<group>"; };
		6F8C256D250300AC00D0A2D3 /* Data.swift */ = {isa = PBXFileReference; fileEncoding = 4; lastKnownFileType = sourcecode.swift; path = Data.swift; sourceTree = "<group>"; };
		6F8C256E250300AC00D0A2D3 /* CourseStore.swift */ = {isa = PBXFileReference; fileEncoding = 4; lastKnownFileType = sourcecode.swift; path = CourseStore.swift; sourceTree = "<group>"; };
		6F8C256F250300AC00D0A2D3 /* PostList.swift */ = {isa = PBXFileReference; fileEncoding = 4; lastKnownFileType = sourcecode.swift; path = PostList.swift; sourceTree = "<group>"; };
		6F8C2570250300AC00D0A2D3 /* Assets.xcassets */ = {isa = PBXFileReference; lastKnownFileType = folder.assetcatalog; path = Assets.xcassets; sourceTree = "<group>"; };
		6F8C2571250300AC00D0A2D3 /* HomeView.swift */ = {isa = PBXFileReference; fileEncoding = 4; lastKnownFileType = sourcecode.swift; path = HomeView.swift; sourceTree = "<group>"; };
		6F8C2572250300AC00D0A2D3 /* Home.swift */ = {isa = PBXFileReference; fileEncoding = 4; lastKnownFileType = sourcecode.swift; path = Home.swift; sourceTree = "<group>"; };
		6F8C2573250300AC00D0A2D3 /* Modifiers.swift */ = {isa = PBXFileReference; fileEncoding = 4; lastKnownFileType = sourcecode.swift; path = Modifiers.swift; sourceTree = "<group>"; };
		6F8C2575250300AC00D0A2D3 /* Preview Assets.xcassets */ = {isa = PBXFileReference; lastKnownFileType = folder.assetcatalog; path = "Preview Assets.xcassets"; sourceTree = "<group>"; };
		6F8C2577250300AC00D0A2D3 /* Base */ = {isa = PBXFileReference; lastKnownFileType = file.storyboard; name = Base; path = Base.lproj/LaunchScreen.storyboard; sourceTree = "<group>"; };
		6F8C2578250300AC00D0A2D3 /* UpdateStore.swift */ = {isa = PBXFileReference; fileEncoding = 4; lastKnownFileType = sourcecode.swift; path = UpdateStore.swift; sourceTree = "<group>"; };
		6F8C2579250300AC00D0A2D3 /* DataStore.swift */ = {isa = PBXFileReference; fileEncoding = 4; lastKnownFileType = sourcecode.swift; path = DataStore.swift; sourceTree = "<group>"; };
		6F8C257A250300AC00D0A2D3 /* UpdateDetail.swift */ = {isa = PBXFileReference; fileEncoding = 4; lastKnownFileType = sourcecode.swift; path = UpdateDetail.swift; sourceTree = "<group>"; };
		6F8C257B250300AC00D0A2D3 /* RingView.swift */ = {isa = PBXFileReference; fileEncoding = 4; lastKnownFileType = sourcecode.swift; path = RingView.swift; sourceTree = "<group>"; };
		6F8C257C250300AC00D0A2D3 /* CourseDetail.swift */ = {isa = PBXFileReference; fileEncoding = 4; lastKnownFileType = sourcecode.swift; path = CourseDetail.swift; sourceTree = "<group>"; };
		6F8C257D250300AC00D0A2D3 /* CourseList.swift */ = {isa = PBXFileReference; fileEncoding = 4; lastKnownFileType = sourcecode.swift; path = CourseList.swift; sourceTree = "<group>"; };
		6F8C257E250300AC00D0A2D3 /* AppDelegate.swift */ = {isa = PBXFileReference; fileEncoding = 4; lastKnownFileType = sourcecode.swift; path = AppDelegate.swift; sourceTree = "<group>"; };
		6F8C257F250300AC00D0A2D3 /* UpdateList.swift */ = {isa = PBXFileReference; fileEncoding = 4; lastKnownFileType = sourcecode.swift; path = UpdateList.swift; sourceTree = "<group>"; };
		6F8C2580250300AC00D0A2D3 /* ContentView.swift */ = {isa = PBXFileReference; fileEncoding = 4; lastKnownFileType = sourcecode.swift; path = ContentView.swift; sourceTree = "<group>"; };
		6F8C2581250300AC00D0A2D3 /* MenuView.swift */ = {isa = PBXFileReference; fileEncoding = 4; lastKnownFileType = sourcecode.swift; path = MenuView.swift; sourceTree = "<group>"; };
		6F8C2582250300AC00D0A2D3 /* Info.plist */ = {isa = PBXFileReference; fileEncoding = 4; lastKnownFileType = text.plist.xml; path = Info.plist; sourceTree = "<group>"; };
		6F8C2583250300AC00D0A2D3 /* SceneDelegate.swift */ = {isa = PBXFileReference; fileEncoding = 4; lastKnownFileType = sourcecode.swift; path = SceneDelegate.swift; sourceTree = "<group>"; };
		6F8C2585250300AC00D0A2D3 /* WorkSans-Regular.ttf */ = {isa = PBXFileReference; lastKnownFileType = file; path = "WorkSans-Regular.ttf"; sourceTree = "<group>"; };
		6F8C2586250300AC00D0A2D3 /* WorkSans-Light.ttf */ = {isa = PBXFileReference; lastKnownFileType = file; path = "WorkSans-Light.ttf"; sourceTree = "<group>"; };
		6F8C2587250300AC00D0A2D3 /* WorkSans-ExtraBold.ttf */ = {isa = PBXFileReference; lastKnownFileType = file; path = "WorkSans-ExtraBold.ttf"; sourceTree = "<group>"; };
		6F8C2588250300AC00D0A2D3 /* WorkSans-ExtraLight.ttf */ = {isa = PBXFileReference; lastKnownFileType = file; path = "WorkSans-ExtraLight.ttf"; sourceTree = "<group>"; };
		6F8C2589250300AC00D0A2D3 /* WorkSans-Medium.ttf */ = {isa = PBXFileReference; lastKnownFileType = file; path = "WorkSans-Medium.ttf"; sourceTree = "<group>"; };
		6F8C258A250300AC00D0A2D3 /* WorkSans-SemiBold.ttf */ = {isa = PBXFileReference; lastKnownFileType = file; path = "WorkSans-SemiBold.ttf"; sourceTree = "<group>"; };
		6F8C258B250300AC00D0A2D3 /* OFL.txt */ = {isa = PBXFileReference; fileEncoding = 4; lastKnownFileType = text; path = OFL.txt; sourceTree = "<group>"; };
		6F8C258C250300AC00D0A2D3 /* WorkSans-Thin.ttf */ = {isa = PBXFileReference; lastKnownFileType = file; path = "WorkSans-Thin.ttf"; sourceTree = "<group>"; };
		6F8C258D250300AC00D0A2D3 /* WorkSans-Black.ttf */ = {isa = PBXFileReference; lastKnownFileType = file; path = "WorkSans-Black.ttf"; sourceTree = "<group>"; };
		6F8C258E250300AC00D0A2D3 /* WorkSans-Bold.ttf */ = {isa = PBXFileReference; lastKnownFileType = file; path = "WorkSans-Bold.ttf"; sourceTree = "<group>"; };
		6F8C25B1250300B500D0A2D3 /* DesignSwiftUITests.swift */ = {isa = PBXFileReference; fileEncoding = 4; lastKnownFileType = sourcecode.swift; path = DesignSwiftUITests.swift; sourceTree = "<group>"; };
		6F8C25B2250300B500D0A2D3 /* Info.plist */ = {isa = PBXFileReference; fileEncoding = 4; lastKnownFileType = text.plist.xml; path = Info.plist; sourceTree = "<group>"; };
		6F8C25B6250300BF00D0A2D3 /* DesignSwiftUIUITests.swift */ = {isa = PBXFileReference; fileEncoding = 4; lastKnownFileType = sourcecode.swift; path = DesignSwiftUIUITests.swift; sourceTree = "<group>"; };
		6F8C25B7250300BF00D0A2D3 /* Info.plist */ = {isa = PBXFileReference; fileEncoding = 4; lastKnownFileType = text.plist.xml; path = Info.plist; sourceTree = "<group>"; };
		6FA2B6B32507E0630006E229 /* LoginView.swift */ = {isa = PBXFileReference; lastKnownFileType = sourcecode.swift; path = LoginView.swift; sourceTree = "<group>"; };
		6FA4CA06250951F1000C6AB4 /* LottieView.swift */ = {isa = PBXFileReference; lastKnownFileType = sourcecode.swift; path = LottieView.swift; sourceTree = "<group>"; };
		6FA4CA0825095374000C6AB4 /* cat.json */ = {isa = PBXFileReference; fileEncoding = 4; lastKnownFileType = text.json; path = cat.json; sourceTree = "<group>"; };
		6FD04C2925069706005BB92B /* Buttons.swift */ = {isa = PBXFileReference; lastKnownFileType = sourcecode.swift; path = Buttons.swift; sourceTree = "<group>"; };
		6FFC29CA250953EB00D5F98B /* LoadingView.swift */ = {isa = PBXFileReference; lastKnownFileType = sourcecode.swift; path = LoadingView.swift; sourceTree = "<group>"; };
		6FFC29CC250960E400D5F98B /* SuccessView.swift */ = {isa = PBXFileReference; lastKnownFileType = sourcecode.swift; path = SuccessView.swift; sourceTree = "<group>"; };
		6FFC29CE2509611F00D5F98B /* rocket.json */ = {isa = PBXFileReference; fileEncoding = 4; lastKnownFileType = text.json; path = rocket.json; sourceTree = "<group>"; };
		6FFC29D02509682300D5F98B /* GoogleService-Info.plist */ = {isa = PBXFileReference; fileEncoding = 4; lastKnownFileType = text.plist.xml; path = "GoogleService-Info.plist"; sourceTree = "<group>"; };
		DA96527B37C199C63E800F81 /* Pods-DesignSwiftUI-DesignSwiftUIUITests.release.xcconfig */ = {isa = PBXFileReference; includeInIndex = 1; lastKnownFileType = text.xcconfig; name = "Pods-DesignSwiftUI-DesignSwiftUIUITests.release.xcconfig"; path = "Target Support Files/Pods-DesignSwiftUI-DesignSwiftUIUITests/Pods-DesignSwiftUI-DesignSwiftUIUITests.release.xcconfig"; sourceTree = "<group>"; };
		E19D25342A64F74DFE018BF4 /* Pods-DesignSwiftUI.release.xcconfig */ = {isa = PBXFileReference; includeInIndex = 1; lastKnownFileType = text.xcconfig; name = "Pods-DesignSwiftUI.release.xcconfig"; path = "Target Support Files/Pods-DesignSwiftUI/Pods-DesignSwiftUI.release.xcconfig"; sourceTree = "<group>"; };
		E88438C824365BF700414007 /* DesignSwiftUI.app */ = {isa = PBXFileReference; explicitFileType = wrapper.application; includeInIndex = 0; path = DesignSwiftUI.app; sourceTree = BUILT_PRODUCTS_DIR; };
		E88438DE24365BF900414007 /* DesignSwiftUITests.xctest */ = {isa = PBXFileReference; explicitFileType = wrapper.cfbundle; includeInIndex = 0; path = DesignSwiftUITests.xctest; sourceTree = BUILT_PRODUCTS_DIR; };
		E88438E924365BF900414007 /* DesignSwiftUIUITests.xctest */ = {isa = PBXFileReference; explicitFileType = wrapper.cfbundle; includeInIndex = 0; path = DesignSwiftUIUITests.xctest; sourceTree = BUILT_PRODUCTS_DIR; };
		F57C5BF766129DE476526F15 /* Pods-DesignSwiftUI-DesignSwiftUIUITests.debug.xcconfig */ = {isa = PBXFileReference; includeInIndex = 1; lastKnownFileType = text.xcconfig; name = "Pods-DesignSwiftUI-DesignSwiftUIUITests.debug.xcconfig"; path = "Target Support Files/Pods-DesignSwiftUI-DesignSwiftUIUITests/Pods-DesignSwiftUI-DesignSwiftUIUITests.debug.xcconfig"; sourceTree = "<group>"; };
		FA12858BA1FA1CBA750B6F03 /* Pods_DesignSwiftUI_DesignSwiftUIUITests.framework */ = {isa = PBXFileReference; explicitFileType = wrapper.framework; includeInIndex = 0; path = Pods_DesignSwiftUI_DesignSwiftUIUITests.framework; sourceTree = BUILT_PRODUCTS_DIR; };
/* End PBXFileReference section */

/* Begin PBXFrameworksBuildPhase section */
		E88438C524365BF700414007 /* Frameworks */ = {
			isa = PBXFrameworksBuildPhase;
			buildActionMask = 2147483647;
			files = (
				6FA4CA05250950D2000C6AB4 /* Lottie in Frameworks */,
				A10A88C18602FD28F67F4B15 /* Pods_DesignSwiftUI.framework in Frameworks */,
			);
			runOnlyForDeploymentPostprocessing = 0;
		};
		E88438DB24365BF900414007 /* Frameworks */ = {
			isa = PBXFrameworksBuildPhase;
			buildActionMask = 2147483647;
			files = (
				F2D6879A2073D8EAFAF07FD7 /* Pods_DesignSwiftUITests.framework in Frameworks */,
			);
			runOnlyForDeploymentPostprocessing = 0;
		};
		E88438E624365BF900414007 /* Frameworks */ = {
			isa = PBXFrameworksBuildPhase;
			buildActionMask = 2147483647;
			files = (
				0A2ADAFCAABBA31777BCCC7D /* Pods_DesignSwiftUI_DesignSwiftUIUITests.framework in Frameworks */,
			);
			runOnlyForDeploymentPostprocessing = 0;
		};
/* End PBXFrameworksBuildPhase section */

/* Begin PBXGroup section */
		6F8C256A250300AC00D0A2D3 /* DesignSwiftUI */ = {
			isa = PBXGroup;
			children = (
				6F8C2583250300AC00D0A2D3 /* SceneDelegate.swift */,
				6F8C256B250300AC00D0A2D3 /* TabBar.swift */,
				6F8C256C250300AC00D0A2D3 /* BlurView.swift */,
				6FA4CA06250951F1000C6AB4 /* LottieView.swift */,
				6FFC29CA250953EB00D5F98B /* LoadingView.swift */,
				6F8C256D250300AC00D0A2D3 /* Data.swift */,
				6F8C256E250300AC00D0A2D3 /* CourseStore.swift */,
				6F8C256F250300AC00D0A2D3 /* PostList.swift */,
				6F8C2571250300AC00D0A2D3 /* HomeView.swift */,
				6FA2B6B32507E0630006E229 /* LoginView.swift */,
				6FFC29CC250960E400D5F98B /* SuccessView.swift */,
				6F8C2572250300AC00D0A2D3 /* Home.swift */,
				6F8C2573250300AC00D0A2D3 /* Modifiers.swift */,
				6F8C2576250300AC00D0A2D3 /* LaunchScreen.storyboard */,
				6F8C2578250300AC00D0A2D3 /* UpdateStore.swift */,
				6F8C2579250300AC00D0A2D3 /* DataStore.swift */,
				6F8C257A250300AC00D0A2D3 /* UpdateDetail.swift */,
				6F8C257B250300AC00D0A2D3 /* RingView.swift */,
				6F8C257C250300AC00D0A2D3 /* CourseDetail.swift */,
				6F8C257D250300AC00D0A2D3 /* CourseList.swift */,
				6F8C257E250300AC00D0A2D3 /* AppDelegate.swift */,
				6F8C257F250300AC00D0A2D3 /* UpdateList.swift */,
				6F8C2580250300AC00D0A2D3 /* ContentView.swift */,
				6F8C2581250300AC00D0A2D3 /* MenuView.swift */,
				6FD04C2925069706005BB92B /* Buttons.swift */,
				6F8C2570250300AC00D0A2D3 /* Assets.xcassets */,
				6FFC29CE2509611F00D5F98B /* rocket.json */,
				6FA4CA0825095374000C6AB4 /* cat.json */,
				6FFC29D02509682300D5F98B /* GoogleService-Info.plist */,
				6F8C2582250300AC00D0A2D3 /* Info.plist */,
				6F8C2574250300AC00D0A2D3 /* Preview Content */,
				6F8C2584250300AC00D0A2D3 /* Work_Sans */,
			);
			path = DesignSwiftUI;
			sourceTree = "<group>";
		};
		6F8C2574250300AC00D0A2D3 /* Preview Content */ = {
			isa = PBXGroup;
			children = (
				6F8C2575250300AC00D0A2D3 /* Preview Assets.xcassets */,
			);
			path = "Preview Content";
			sourceTree = "<group>";
		};
		6F8C2584250300AC00D0A2D3 /* Work_Sans */ = {
			isa = PBXGroup;
			children = (
				6F8C2585250300AC00D0A2D3 /* WorkSans-Regular.ttf */,
				6F8C2586250300AC00D0A2D3 /* WorkSans-Light.ttf */,
				6F8C2587250300AC00D0A2D3 /* WorkSans-ExtraBold.ttf */,
				6F8C2588250300AC00D0A2D3 /* WorkSans-ExtraLight.ttf */,
				6F8C2589250300AC00D0A2D3 /* WorkSans-Medium.ttf */,
				6F8C258A250300AC00D0A2D3 /* WorkSans-SemiBold.ttf */,
				6F8C258B250300AC00D0A2D3 /* OFL.txt */,
				6F8C258C250300AC00D0A2D3 /* WorkSans-Thin.ttf */,
				6F8C258D250300AC00D0A2D3 /* WorkSans-Black.ttf */,
				6F8C258E250300AC00D0A2D3 /* WorkSans-Bold.ttf */,
			);
			path = Work_Sans;
			sourceTree = "<group>";
		};
		6F8C25B0250300B500D0A2D3 /* DesignSwiftUITests */ = {
			isa = PBXGroup;
			children = (
				6F8C25B1250300B500D0A2D3 /* DesignSwiftUITests.swift */,
				6F8C25B2250300B500D0A2D3 /* Info.plist */,
			);
			path = DesignSwiftUITests;
			sourceTree = "<group>";
		};
		6F8C25B5250300BF00D0A2D3 /* DesignSwiftUIUITests */ = {
			isa = PBXGroup;
			children = (
				6F8C25B6250300BF00D0A2D3 /* DesignSwiftUIUITests.swift */,
				6F8C25B7250300BF00D0A2D3 /* Info.plist */,
			);
			path = DesignSwiftUIUITests;
			sourceTree = "<group>";
		};
		CA96CE32CA028C13A0F4B08F /* Pods */ = {
			isa = PBXGroup;
			children = (
				1CDFAAE2510F3AF562E570AA /* Pods-DesignSwiftUI.debug.xcconfig */,
				E19D25342A64F74DFE018BF4 /* Pods-DesignSwiftUI.release.xcconfig */,
				F57C5BF766129DE476526F15 /* Pods-DesignSwiftUI-DesignSwiftUIUITests.debug.xcconfig */,
				DA96527B37C199C63E800F81 /* Pods-DesignSwiftUI-DesignSwiftUIUITests.release.xcconfig */,
				18AB5F18C16CFAB483D1EEDD /* Pods-DesignSwiftUITests.debug.xcconfig */,
				253D3586FE404D8B9DF29FBA /* Pods-DesignSwiftUITests.release.xcconfig */,
			);
			path = Pods;
			sourceTree = "<group>";
		};
		E88438BF24365BF700414007 = {
			isa = PBXGroup;
			children = (
				6F8C256A250300AC00D0A2D3 /* DesignSwiftUI */,
				6F8C25B0250300B500D0A2D3 /* DesignSwiftUITests */,
				6F8C25B5250300BF00D0A2D3 /* DesignSwiftUIUITests */,
				E88438C924365BF700414007 /* Products */,
				CA96CE32CA028C13A0F4B08F /* Pods */,
				FE5AAAE81B730B4DE9023EF2 /* Frameworks */,
			);
			sourceTree = "<group>";
		};
		E88438C924365BF700414007 /* Products */ = {
			isa = PBXGroup;
			children = (
				E88438C824365BF700414007 /* DesignSwiftUI.app */,
				E88438DE24365BF900414007 /* DesignSwiftUITests.xctest */,
				E88438E924365BF900414007 /* DesignSwiftUIUITests.xctest */,
			);
			name = Products;
			sourceTree = "<group>";
		};
		FE5AAAE81B730B4DE9023EF2 /* Frameworks */ = {
			isa = PBXGroup;
			children = (
				53AB7A52DC3C2FE4F0836C45 /* Pods_DesignSwiftUI.framework */,
				FA12858BA1FA1CBA750B6F03 /* Pods_DesignSwiftUI_DesignSwiftUIUITests.framework */,
				39F5DA698EBE724AFF646BE5 /* Pods_DesignSwiftUITests.framework */,
			);
			name = Frameworks;
			sourceTree = "<group>";
		};
/* End PBXGroup section */

/* Begin PBXNativeTarget section */
		E88438C724365BF700414007 /* DesignSwiftUI */ = {
			isa = PBXNativeTarget;
			buildConfigurationList = E88438F224365BF900414007 /* Build configuration list for PBXNativeTarget "DesignSwiftUI" */;
			buildPhases = (
				435E28807581731DD114BEF1 /* [CP] Check Pods Manifest.lock */,
				E88438C424365BF700414007 /* Sources */,
				E88438C524365BF700414007 /* Frameworks */,
				E88438C624365BF700414007 /* Resources */,
				65C174D10D2BF524AD7FB292 /* [CP] Embed Pods Frameworks */,
			);
			buildRules = (
			);
			dependencies = (
			);
			name = DesignSwiftUI;
			packageProductDependencies = (
				6FA4CA04250950D2000C6AB4 /* Lottie */,
			);
			productName = 01;
			productReference = E88438C824365BF700414007 /* DesignSwiftUI.app */;
			productType = "com.apple.product-type.application";
		};
		E88438DD24365BF900414007 /* DesignSwiftUITests */ = {
			isa = PBXNativeTarget;
			buildConfigurationList = E88438F524365BF900414007 /* Build configuration list for PBXNativeTarget "DesignSwiftUITests" */;
			buildPhases = (
				612B78B1BDABB4CD151E2606 /* [CP] Check Pods Manifest.lock */,
				E88438DA24365BF900414007 /* Sources */,
				E88438DB24365BF900414007 /* Frameworks */,
				E88438DC24365BF900414007 /* Resources */,
			);
			buildRules = (
			);
			dependencies = (
				E88438E024365BF900414007 /* PBXTargetDependency */,
			);
			name = DesignSwiftUITests;
			productName = 01Tests;
			productReference = E88438DE24365BF900414007 /* DesignSwiftUITests.xctest */;
			productType = "com.apple.product-type.bundle.unit-test";
		};
		E88438E824365BF900414007 /* DesignSwiftUIUITests */ = {
			isa = PBXNativeTarget;
			buildConfigurationList = E88438F824365BF900414007 /* Build configuration list for PBXNativeTarget "DesignSwiftUIUITests" */;
			buildPhases = (
				8601C90A4D5A2B411F4AB5D7 /* [CP] Check Pods Manifest.lock */,
				E88438E524365BF900414007 /* Sources */,
				E88438E624365BF900414007 /* Frameworks */,
				E88438E724365BF900414007 /* Resources */,
				7B411E847E1D31A31AD5F724 /* [CP] Embed Pods Frameworks */,
			);
			buildRules = (
			);
			dependencies = (
				E88438EB24365BF900414007 /* PBXTargetDependency */,
			);
			name = DesignSwiftUIUITests;
			productName = 01UITests;
			productReference = E88438E924365BF900414007 /* DesignSwiftUIUITests.xctest */;
			productType = "com.apple.product-type.bundle.ui-testing";
		};
/* End PBXNativeTarget section */

/* Begin PBXProject section */
		E88438C024365BF700414007 /* Project object */ = {
			isa = PBXProject;
			attributes = {
				LastSwiftUpdateCheck = 1140;
				LastUpgradeCheck = 1140;
				ORGANIZATIONNAME = com.danielsalinas.designcode;
				TargetAttributes = {
					E88438C724365BF700414007 = {
						CreatedOnToolsVersion = 11.4;
					};
					E88438DD24365BF900414007 = {
						CreatedOnToolsVersion = 11.4;
						TestTargetID = E88438C724365BF700414007;
					};
					E88438E824365BF900414007 = {
						CreatedOnToolsVersion = 11.4;
						TestTargetID = E88438C724365BF700414007;
					};
				};
			};
			buildConfigurationList = E88438C324365BF700414007 /* Build configuration list for PBXProject "DesignSwiftUI" */;
			compatibilityVersion = "Xcode 9.3";
			developmentRegion = en;
			hasScannedForEncodings = 0;
			knownRegions = (
				en,
				Base,
			);
			mainGroup = E88438BF24365BF700414007;
			packageReferences = (
				E84E23D6243DE69D00A1A78D /* XCRemoteSwiftPackageReference "contentful.swift" */,
				E84E23DB243DFBC500A1A78D /* XCRemoteSwiftPackageReference "SDWebImageSwiftUI" */,
				6FA4CA03250950D2000C6AB4 /* XCRemoteSwiftPackageReference "lottie-ios" */,
			);
			productRefGroup = E88438C924365BF700414007 /* Products */;
			projectDirPath = "";
			projectRoot = "";
			targets = (
				E88438C724365BF700414007 /* DesignSwiftUI */,
				E88438DD24365BF900414007 /* DesignSwiftUITests */,
				E88438E824365BF900414007 /* DesignSwiftUIUITests */,
			);
		};
/* End PBXProject section */

/* Begin PBXResourcesBuildPhase section */
		E88438C624365BF700414007 /* Resources */ = {
			isa = PBXResourcesBuildPhase;
			buildActionMask = 2147483647;
			files = (
				6FA4CA0925095375000C6AB4 /* cat.json in Resources */,
				6F8C25AC250300AC00D0A2D3 /* OFL.txt in Resources */,
				6F8C25A6250300AC00D0A2D3 /* WorkSans-Regular.ttf in Resources */,
				6F8C25AD250300AC00D0A2D3 /* WorkSans-Thin.ttf in Resources */,
				6F8C25A9250300AC00D0A2D3 /* WorkSans-ExtraLight.ttf in Resources */,
				6F8C25AE250300AC00D0A2D3 /* WorkSans-Black.ttf in Resources */,
				6F8C2599250300AC00D0A2D3 /* LaunchScreen.storyboard in Resources */,
				6F8C25AF250300AC00D0A2D3 /* WorkSans-Bold.ttf in Resources */,
				6FFC29CF2509611F00D5F98B /* rocket.json in Resources */,
				6F8C2598250300AC00D0A2D3 /* Preview Assets.xcassets in Resources */,
				6FFC29D12509682300D5F98B /* GoogleService-Info.plist in Resources */,
				6F8C25AB250300AC00D0A2D3 /* WorkSans-SemiBold.ttf in Resources */,
				6F8C2594250300AC00D0A2D3 /* Assets.xcassets in Resources */,
				6F8C25A7250300AC00D0A2D3 /* WorkSans-Light.ttf in Resources */,
				6F8C25AA250300AC00D0A2D3 /* WorkSans-Medium.ttf in Resources */,
				6F8C25A8250300AC00D0A2D3 /* WorkSans-ExtraBold.ttf in Resources */,
			);
			runOnlyForDeploymentPostprocessing = 0;
		};
		E88438DC24365BF900414007 /* Resources */ = {
			isa = PBXResourcesBuildPhase;
			buildActionMask = 2147483647;
			files = (
			);
			runOnlyForDeploymentPostprocessing = 0;
		};
		E88438E724365BF900414007 /* Resources */ = {
			isa = PBXResourcesBuildPhase;
			buildActionMask = 2147483647;
			files = (
			);
			runOnlyForDeploymentPostprocessing = 0;
		};
/* End PBXResourcesBuildPhase section */

/* Begin PBXShellScriptBuildPhase section */
		435E28807581731DD114BEF1 /* [CP] Check Pods Manifest.lock */ = {
			isa = PBXShellScriptBuildPhase;
			buildActionMask = 2147483647;
			files = (
			);
			inputFileListPaths = (
			);
			inputPaths = (
				"${PODS_PODFILE_DIR_PATH}/Podfile.lock",
				"${PODS_ROOT}/Manifest.lock",
			);
			name = "[CP] Check Pods Manifest.lock";
			outputFileListPaths = (
			);
			outputPaths = (
				"$(DERIVED_FILE_DIR)/Pods-DesignSwiftUI-checkManifestLockResult.txt",
			);
			runOnlyForDeploymentPostprocessing = 0;
			shellPath = /bin/sh;
			shellScript = "diff \"${PODS_PODFILE_DIR_PATH}/Podfile.lock\" \"${PODS_ROOT}/Manifest.lock\" > /dev/null\nif [ $? != 0 ] ; then\n    # print error to STDERR\n    echo \"error: The sandbox is not in sync with the Podfile.lock. Run 'pod install' or update your CocoaPods installation.\" >&2\n    exit 1\nfi\n# This output is used by Xcode 'outputs' to avoid re-running this script phase.\necho \"SUCCESS\" > \"${SCRIPT_OUTPUT_FILE_0}\"\n";
			showEnvVarsInLog = 0;
		};
		612B78B1BDABB4CD151E2606 /* [CP] Check Pods Manifest.lock */ = {
			isa = PBXShellScriptBuildPhase;
			buildActionMask = 2147483647;
			files = (
			);
			inputFileListPaths = (
			);
			inputPaths = (
				"${PODS_PODFILE_DIR_PATH}/Podfile.lock",
				"${PODS_ROOT}/Manifest.lock",
			);
			name = "[CP] Check Pods Manifest.lock";
			outputFileListPaths = (
			);
			outputPaths = (
				"$(DERIVED_FILE_DIR)/Pods-DesignSwiftUITests-checkManifestLockResult.txt",
			);
			runOnlyForDeploymentPostprocessing = 0;
			shellPath = /bin/sh;
			shellScript = "diff \"${PODS_PODFILE_DIR_PATH}/Podfile.lock\" \"${PODS_ROOT}/Manifest.lock\" > /dev/null\nif [ $? != 0 ] ; then\n    # print error to STDERR\n    echo \"error: The sandbox is not in sync with the Podfile.lock. Run 'pod install' or update your CocoaPods installation.\" >&2\n    exit 1\nfi\n# This output is used by Xcode 'outputs' to avoid re-running this script phase.\necho \"SUCCESS\" > \"${SCRIPT_OUTPUT_FILE_0}\"\n";
			showEnvVarsInLog = 0;
		};
		65C174D10D2BF524AD7FB292 /* [CP] Embed Pods Frameworks */ = {
			isa = PBXShellScriptBuildPhase;
			buildActionMask = 2147483647;
			files = (
			);
			inputFileListPaths = (
				"${PODS_ROOT}/Target Support Files/Pods-DesignSwiftUI/Pods-DesignSwiftUI-frameworks-${CONFIGURATION}-input-files.xcfilelist",
			);
			name = "[CP] Embed Pods Frameworks";
			outputFileListPaths = (
				"${PODS_ROOT}/Target Support Files/Pods-DesignSwiftUI/Pods-DesignSwiftUI-frameworks-${CONFIGURATION}-output-files.xcfilelist",
			);
			runOnlyForDeploymentPostprocessing = 0;
			shellPath = /bin/sh;
			shellScript = "\"${PODS_ROOT}/Target Support Files/Pods-DesignSwiftUI/Pods-DesignSwiftUI-frameworks.sh\"\n";
			showEnvVarsInLog = 0;
		};
		7B411E847E1D31A31AD5F724 /* [CP] Embed Pods Frameworks */ = {
			isa = PBXShellScriptBuildPhase;
			buildActionMask = 2147483647;
			files = (
			);
			inputFileListPaths = (
				"${PODS_ROOT}/Target Support Files/Pods-DesignSwiftUI-DesignSwiftUIUITests/Pods-DesignSwiftUI-DesignSwiftUIUITests-frameworks-${CONFIGURATION}-input-files.xcfilelist",
			);
			name = "[CP] Embed Pods Frameworks";
			outputFileListPaths = (
				"${PODS_ROOT}/Target Support Files/Pods-DesignSwiftUI-DesignSwiftUIUITests/Pods-DesignSwiftUI-DesignSwiftUIUITests-frameworks-${CONFIGURATION}-output-files.xcfilelist",
			);
			runOnlyForDeploymentPostprocessing = 0;
			shellPath = /bin/sh;
			shellScript = "\"${PODS_ROOT}/Target Support Files/Pods-DesignSwiftUI-DesignSwiftUIUITests/Pods-DesignSwiftUI-DesignSwiftUIUITests-frameworks.sh\"\n";
			showEnvVarsInLog = 0;
		};
		8601C90A4D5A2B411F4AB5D7 /* [CP] Check Pods Manifest.lock */ = {
			isa = PBXShellScriptBuildPhase;
			buildActionMask = 2147483647;
			files = (
			);
			inputFileListPaths = (
			);
			inputPaths = (
				"${PODS_PODFILE_DIR_PATH}/Podfile.lock",
				"${PODS_ROOT}/Manifest.lock",
			);
			name = "[CP] Check Pods Manifest.lock";
			outputFileListPaths = (
			);
			outputPaths = (
				"$(DERIVED_FILE_DIR)/Pods-DesignSwiftUI-DesignSwiftUIUITests-checkManifestLockResult.txt",
			);
			runOnlyForDeploymentPostprocessing = 0;
			shellPath = /bin/sh;
			shellScript = "diff \"${PODS_PODFILE_DIR_PATH}/Podfile.lock\" \"${PODS_ROOT}/Manifest.lock\" > /dev/null\nif [ $? != 0 ] ; then\n    # print error to STDERR\n    echo \"error: The sandbox is not in sync with the Podfile.lock. Run 'pod install' or update your CocoaPods installation.\" >&2\n    exit 1\nfi\n# This output is used by Xcode 'outputs' to avoid re-running this script phase.\necho \"SUCCESS\" > \"${SCRIPT_OUTPUT_FILE_0}\"\n";
			showEnvVarsInLog = 0;
		};
/* End PBXShellScriptBuildPhase section */

/* Begin PBXSourcesBuildPhase section */
		E88438C424365BF700414007 /* Sources */ = {
			isa = PBXSourcesBuildPhase;
			buildActionMask = 2147483647;
			files = (
				6F8C259D250300AC00D0A2D3 /* RingView.swift in Sources */,
				6F8C2595250300AC00D0A2D3 /* HomeView.swift in Sources */,
				6F8C25A3250300AC00D0A2D3 /* MenuView.swift in Sources */,
				6F8C259B250300AC00D0A2D3 /* DataStore.swift in Sources */,
				6F8C2596250300AC00D0A2D3 /* Home.swift in Sources */,
				6F8C2590250300AC00D0A2D3 /* BlurView.swift in Sources */,
				6F8C25A2250300AC00D0A2D3 /* ContentView.swift in Sources */,
				6F8C259A250300AC00D0A2D3 /* UpdateStore.swift in Sources */,
				6F8C25A1250300AC00D0A2D3 /* UpdateList.swift in Sources */,
				6FA4CA07250951F1000C6AB4 /* LottieView.swift in Sources */,
				6F8C259E250300AC00D0A2D3 /* CourseDetail.swift in Sources */,
				6F8C2597250300AC00D0A2D3 /* Modifiers.swift in Sources */,
				6F8C2591250300AC00D0A2D3 /* Data.swift in Sources */,
				6F8C259F250300AC00D0A2D3 /* CourseList.swift in Sources */,
				6F8C259C250300AC00D0A2D3 /* UpdateDetail.swift in Sources */,
				6F8C2593250300AC00D0A2D3 /* PostList.swift in Sources */,
				6FFC29CD250960E400D5F98B /* SuccessView.swift in Sources */,
				6FA2B6B42507E0630006E229 /* LoginView.swift in Sources */,
				6FD04C2A25069706005BB92B /* Buttons.swift in Sources */,
				6F8C2592250300AC00D0A2D3 /* CourseStore.swift in Sources */,
				6F8C25A5250300AC00D0A2D3 /* SceneDelegate.swift in Sources */,
				6F8C25A0250300AC00D0A2D3 /* AppDelegate.swift in Sources */,
				6F8C258F250300AC00D0A2D3 /* TabBar.swift in Sources */,
				6FFC29CB250953EB00D5F98B /* LoadingView.swift in Sources */,
			);
			runOnlyForDeploymentPostprocessing = 0;
		};
		E88438DA24365BF900414007 /* Sources */ = {
			isa = PBXSourcesBuildPhase;
			buildActionMask = 2147483647;
			files = (
				6F8C25B3250300B600D0A2D3 /* DesignSwiftUITests.swift in Sources */,
			);
			runOnlyForDeploymentPostprocessing = 0;
		};
		E88438E524365BF900414007 /* Sources */ = {
			isa = PBXSourcesBuildPhase;
			buildActionMask = 2147483647;
			files = (
				6F8C25B8250300BF00D0A2D3 /* DesignSwiftUIUITests.swift in Sources */,
			);
			runOnlyForDeploymentPostprocessing = 0;
		};
/* End PBXSourcesBuildPhase section */

/* Begin PBXTargetDependency section */
		E88438E024365BF900414007 /* PBXTargetDependency */ = {
			isa = PBXTargetDependency;
			target = E88438C724365BF700414007 /* DesignSwiftUI */;
			targetProxy = E88438DF24365BF900414007 /* PBXContainerItemProxy */;
		};
		E88438EB24365BF900414007 /* PBXTargetDependency */ = {
			isa = PBXTargetDependency;
			target = E88438C724365BF700414007 /* DesignSwiftUI */;
			targetProxy = E88438EA24365BF900414007 /* PBXContainerItemProxy */;
		};
/* End PBXTargetDependency section */

/* Begin PBXVariantGroup section */
		6F8C2576250300AC00D0A2D3 /* LaunchScreen.storyboard */ = {
			isa = PBXVariantGroup;
			children = (
				6F8C2577250300AC00D0A2D3 /* Base */,
			);
			name = LaunchScreen.storyboard;
			sourceTree = "<group>";
		};
/* End PBXVariantGroup section */

/* Begin XCBuildConfiguration section */
		E88438F024365BF900414007 /* Debug */ = {
			isa = XCBuildConfiguration;
			buildSettings = {
				ALWAYS_SEARCH_USER_PATHS = NO;
				CLANG_ANALYZER_NONNULL = YES;
				CLANG_ANALYZER_NUMBER_OBJECT_CONVERSION = YES_AGGRESSIVE;
				CLANG_CXX_LANGUAGE_STANDARD = "gnu++14";
				CLANG_CXX_LIBRARY = "libc++";
				CLANG_ENABLE_MODULES = YES;
				CLANG_ENABLE_OBJC_ARC = YES;
				CLANG_ENABLE_OBJC_WEAK = YES;
				CLANG_WARN_BLOCK_CAPTURE_AUTORELEASING = YES;
				CLANG_WARN_BOOL_CONVERSION = YES;
				CLANG_WARN_COMMA = YES;
				CLANG_WARN_CONSTANT_CONVERSION = YES;
				CLANG_WARN_DEPRECATED_OBJC_IMPLEMENTATIONS = YES;
				CLANG_WARN_DIRECT_OBJC_ISA_USAGE = YES_ERROR;
				CLANG_WARN_DOCUMENTATION_COMMENTS = YES;
				CLANG_WARN_EMPTY_BODY = YES;
				CLANG_WARN_ENUM_CONVERSION = YES;
				CLANG_WARN_INFINITE_RECURSION = YES;
				CLANG_WARN_INT_CONVERSION = YES;
				CLANG_WARN_NON_LITERAL_NULL_CONVERSION = YES;
				CLANG_WARN_OBJC_IMPLICIT_RETAIN_SELF = YES;
				CLANG_WARN_OBJC_LITERAL_CONVERSION = YES;
				CLANG_WARN_OBJC_ROOT_CLASS = YES_ERROR;
				CLANG_WARN_RANGE_LOOP_ANALYSIS = YES;
				CLANG_WARN_STRICT_PROTOTYPES = YES;
				CLANG_WARN_SUSPICIOUS_MOVE = YES;
				CLANG_WARN_UNGUARDED_AVAILABILITY = YES_AGGRESSIVE;
				CLANG_WARN_UNREACHABLE_CODE = YES;
				CLANG_WARN__DUPLICATE_METHOD_MATCH = YES;
				COPY_PHASE_STRIP = NO;
				DEBUG_INFORMATION_FORMAT = dwarf;
				ENABLE_STRICT_OBJC_MSGSEND = YES;
				ENABLE_TESTABILITY = YES;
				GCC_C_LANGUAGE_STANDARD = gnu11;
				GCC_DYNAMIC_NO_PIC = NO;
				GCC_NO_COMMON_BLOCKS = YES;
				GCC_OPTIMIZATION_LEVEL = 0;
				GCC_PREPROCESSOR_DEFINITIONS = (
					"DEBUG=1",
					"$(inherited)",
				);
				GCC_WARN_64_TO_32_BIT_CONVERSION = YES;
				GCC_WARN_ABOUT_RETURN_TYPE = YES_ERROR;
				GCC_WARN_UNDECLARED_SELECTOR = YES;
				GCC_WARN_UNINITIALIZED_AUTOS = YES_AGGRESSIVE;
				GCC_WARN_UNUSED_FUNCTION = YES;
				GCC_WARN_UNUSED_VARIABLE = YES;
				IPHONEOS_DEPLOYMENT_TARGET = 13.4;
				MTL_ENABLE_DEBUG_INFO = INCLUDE_SOURCE;
				MTL_FAST_MATH = YES;
				ONLY_ACTIVE_ARCH = YES;
				SDKROOT = iphoneos;
				SWIFT_ACTIVE_COMPILATION_CONDITIONS = DEBUG;
				SWIFT_OPTIMIZATION_LEVEL = "-Onone";
			};
			name = Debug;
		};
		E88438F124365BF900414007 /* Release */ = {
			isa = XCBuildConfiguration;
			buildSettings = {
				ALWAYS_SEARCH_USER_PATHS = NO;
				CLANG_ANALYZER_NONNULL = YES;
				CLANG_ANALYZER_NUMBER_OBJECT_CONVERSION = YES_AGGRESSIVE;
				CLANG_CXX_LANGUAGE_STANDARD = "gnu++14";
				CLANG_CXX_LIBRARY = "libc++";
				CLANG_ENABLE_MODULES = YES;
				CLANG_ENABLE_OBJC_ARC = YES;
				CLANG_ENABLE_OBJC_WEAK = YES;
				CLANG_WARN_BLOCK_CAPTURE_AUTORELEASING = YES;
				CLANG_WARN_BOOL_CONVERSION = YES;
				CLANG_WARN_COMMA = YES;
				CLANG_WARN_CONSTANT_CONVERSION = YES;
				CLANG_WARN_DEPRECATED_OBJC_IMPLEMENTATIONS = YES;
				CLANG_WARN_DIRECT_OBJC_ISA_USAGE = YES_ERROR;
				CLANG_WARN_DOCUMENTATION_COMMENTS = YES;
				CLANG_WARN_EMPTY_BODY = YES;
				CLANG_WARN_ENUM_CONVERSION = YES;
				CLANG_WARN_INFINITE_RECURSION = YES;
				CLANG_WARN_INT_CONVERSION = YES;
				CLANG_WARN_NON_LITERAL_NULL_CONVERSION = YES;
				CLANG_WARN_OBJC_IMPLICIT_RETAIN_SELF = YES;
				CLANG_WARN_OBJC_LITERAL_CONVERSION = YES;
				CLANG_WARN_OBJC_ROOT_CLASS = YES_ERROR;
				CLANG_WARN_RANGE_LOOP_ANALYSIS = YES;
				CLANG_WARN_STRICT_PROTOTYPES = YES;
				CLANG_WARN_SUSPICIOUS_MOVE = YES;
				CLANG_WARN_UNGUARDED_AVAILABILITY = YES_AGGRESSIVE;
				CLANG_WARN_UNREACHABLE_CODE = YES;
				CLANG_WARN__DUPLICATE_METHOD_MATCH = YES;
				COPY_PHASE_STRIP = NO;
				DEBUG_INFORMATION_FORMAT = "dwarf-with-dsym";
				ENABLE_NS_ASSERTIONS = NO;
				ENABLE_STRICT_OBJC_MSGSEND = YES;
				GCC_C_LANGUAGE_STANDARD = gnu11;
				GCC_NO_COMMON_BLOCKS = YES;
				GCC_WARN_64_TO_32_BIT_CONVERSION = YES;
				GCC_WARN_ABOUT_RETURN_TYPE = YES_ERROR;
				GCC_WARN_UNDECLARED_SELECTOR = YES;
				GCC_WARN_UNINITIALIZED_AUTOS = YES_AGGRESSIVE;
				GCC_WARN_UNUSED_FUNCTION = YES;
				GCC_WARN_UNUSED_VARIABLE = YES;
				IPHONEOS_DEPLOYMENT_TARGET = 13.4;
				MTL_ENABLE_DEBUG_INFO = NO;
				MTL_FAST_MATH = YES;
				SDKROOT = iphoneos;
				SWIFT_COMPILATION_MODE = wholemodule;
				SWIFT_OPTIMIZATION_LEVEL = "-O";
				VALIDATE_PRODUCT = YES;
			};
			name = Release;
		};
		E88438F324365BF900414007 /* Debug */ = {
			isa = XCBuildConfiguration;
			baseConfigurationReference = 1CDFAAE2510F3AF562E570AA /* Pods-DesignSwiftUI.debug.xcconfig */;
			buildSettings = {
				ASSETCATALOG_COMPILER_APPICON_NAME = AppIcon;
				CODE_SIGN_STYLE = Automatic;
				DEAD_CODE_STRIPPING = NO;
				DEVELOPMENT_ASSET_PATHS = "\"DesignSwiftUI/Preview Content\"";
				DEVELOPMENT_TEAM = B3Y4D3CT23;
				ENABLE_PREVIEWS = YES;
				INFOPLIST_FILE = "$(SRCROOT)/DesignSwiftUI/Info.plist";
				LD_RUNPATH_SEARCH_PATHS = (
					"$(inherited)",
					"@executable_path/Frameworks",
				);
				PRODUCT_BUNDLE_IDENTIFIER = com.danielsalinas.designcode;
				PRODUCT_NAME = "$(TARGET_NAME)";
				SWIFT_VERSION = 5.0;
				TARGETED_DEVICE_FAMILY = "1,2";
			};
			name = Debug;
		};
		E88438F424365BF900414007 /* Release */ = {
			isa = XCBuildConfiguration;
			baseConfigurationReference = E19D25342A64F74DFE018BF4 /* Pods-DesignSwiftUI.release.xcconfig */;
			buildSettings = {
				ASSETCATALOG_COMPILER_APPICON_NAME = AppIcon;
				CODE_SIGN_STYLE = Automatic;
				DEAD_CODE_STRIPPING = NO;
				DEVELOPMENT_ASSET_PATHS = "\"DesignSwiftUI/Preview Content\"";
				DEVELOPMENT_TEAM = "";
				ENABLE_PREVIEWS = YES;
				INFOPLIST_FILE = "$(SRCROOT)/DesignSwiftUI/Info.plist";
				LD_RUNPATH_SEARCH_PATHS = (
					"$(inherited)",
					"@executable_path/Frameworks",
				);
				PRODUCT_BUNDLE_IDENTIFIER = com.danielsalinas.designcode;
				PRODUCT_NAME = "$(TARGET_NAME)";
				SWIFT_VERSION = 5.0;
				TARGETED_DEVICE_FAMILY = "1,2";
			};
			name = Release;
		};
		E88438F624365BF900414007 /* Debug */ = {
			isa = XCBuildConfiguration;
			baseConfigurationReference = 18AB5F18C16CFAB483D1EEDD /* Pods-DesignSwiftUITests.debug.xcconfig */;
			buildSettings = {
				ALWAYS_EMBED_SWIFT_STANDARD_LIBRARIES = YES;
				BUNDLE_LOADER = "$(TEST_HOST)";
				CODE_SIGN_STYLE = Automatic;
				DEVELOPMENT_TEAM = B3Y4D3CT23;
				INFOPLIST_FILE = DesignSwiftUITests/Info.plist;
				IPHONEOS_DEPLOYMENT_TARGET = 13.4;
				LD_RUNPATH_SEARCH_PATHS = (
					"$(inherited)",
					"@executable_path/Frameworks",
					"@loader_path/Frameworks",
				);
				PRODUCT_BUNDLE_IDENTIFIER = com.danielsalinas.designcode.DesignSwiftUITests;
				PRODUCT_NAME = "$(TARGET_NAME)";
				SWIFT_VERSION = 5.0;
				TARGETED_DEVICE_FAMILY = "1,2";
				TEST_HOST = "$(BUILT_PRODUCTS_DIR)/DesignSwiftUI.app/DesignSwiftUI";
			};
			name = Debug;
		};
		E88438F724365BF900414007 /* Release */ = {
			isa = XCBuildConfiguration;
			baseConfigurationReference = 253D3586FE404D8B9DF29FBA /* Pods-DesignSwiftUITests.release.xcconfig */;
			buildSettings = {
				ALWAYS_EMBED_SWIFT_STANDARD_LIBRARIES = YES;
				BUNDLE_LOADER = "$(TEST_HOST)";
				CODE_SIGN_STYLE = Automatic;
				DEVELOPMENT_TEAM = B3Y4D3CT23;
				INFOPLIST_FILE = DesignSwiftUITests/Info.plist;
				IPHONEOS_DEPLOYMENT_TARGET = 13.4;
				LD_RUNPATH_SEARCH_PATHS = (
					"$(inherited)",
					"@executable_path/Frameworks",
					"@loader_path/Frameworks",
				);
				PRODUCT_BUNDLE_IDENTIFIER = com.danielsalinas.designcode.DesignSwiftUITests;
				PRODUCT_NAME = "$(TARGET_NAME)";
				SWIFT_VERSION = 5.0;
				TARGETED_DEVICE_FAMILY = "1,2";
				TEST_HOST = "$(BUILT_PRODUCTS_DIR)/DesignSwiftUI.app/DesignSwiftUI";
			};
			name = Release;
		};
		E88438F924365BF900414007 /* Debug */ = {
			isa = XCBuildConfiguration;
			baseConfigurationReference = F57C5BF766129DE476526F15 /* Pods-DesignSwiftUI-DesignSwiftUIUITests.debug.xcconfig */;
			buildSettings = {
				ALWAYS_EMBED_SWIFT_STANDARD_LIBRARIES = YES;
				CODE_SIGN_STYLE = Automatic;
				DEVELOPMENT_TEAM = B3Y4D3CT23;
				INFOPLIST_FILE = DesignSwiftUIUITests/Info.plist;
				LD_RUNPATH_SEARCH_PATHS = (
					"$(inherited)",
					"@executable_path/Frameworks",
					"@loader_path/Frameworks",
				);
				PRODUCT_BUNDLE_IDENTIFIER = com.danielsalinas.designcode.DesignSwiftUIUITests;
				PRODUCT_NAME = "$(TARGET_NAME)";
				PROVISIONING_PROFILE = "";
				SWIFT_VERSION = 5.0;
				TARGETED_DEVICE_FAMILY = "1,2";
				TEST_TARGET_NAME = DesignSwiftUI;
			};
			name = Debug;
		};
		E88438FA24365BF900414007 /* Release */ = {
			isa = XCBuildConfiguration;
			baseConfigurationReference = DA96527B37C199C63E800F81 /* Pods-DesignSwiftUI-DesignSwiftUIUITests.release.xcconfig */;
			buildSettings = {
				ALWAYS_EMBED_SWIFT_STANDARD_LIBRARIES = YES;
				CODE_SIGN_STYLE = Automatic;
				DEVELOPMENT_TEAM = B3Y4D3CT23;
				INFOPLIST_FILE = DesignSwiftUIUITests/Info.plist;
				LD_RUNPATH_SEARCH_PATHS = (
					"$(inherited)",
					"@executable_path/Frameworks",
					"@loader_path/Frameworks",
				);
				PRODUCT_BUNDLE_IDENTIFIER = com.danielsalinas.designcode.DesignSwiftUIUITests;
				PRODUCT_NAME = "$(TARGET_NAME)";
				PROVISIONING_PROFILE = "";
				SWIFT_VERSION = 5.0;
				TARGETED_DEVICE_FAMILY = "1,2";
				TEST_TARGET_NAME = DesignSwiftUI;
			};
			name = Release;
		};
/* End XCBuildConfiguration section */

/* Begin XCConfigurationList section */
		E88438C324365BF700414007 /* Build configuration list for PBXProject "DesignSwiftUI" */ = {
			isa = XCConfigurationList;
			buildConfigurations = (
				E88438F024365BF900414007 /* Debug */,
				E88438F124365BF900414007 /* Release */,
			);
			defaultConfigurationIsVisible = 0;
			defaultConfigurationName = Release;
		};
		E88438F224365BF900414007 /* Build configuration list for PBXNativeTarget "DesignSwiftUI" */ = {
			isa = XCConfigurationList;
			buildConfigurations = (
				E88438F324365BF900414007 /* Debug */,
				E88438F424365BF900414007 /* Release */,
			);
			defaultConfigurationIsVisible = 0;
			defaultConfigurationName = Release;
		};
		E88438F524365BF900414007 /* Build configuration list for PBXNativeTarget "DesignSwiftUITests" */ = {
			isa = XCConfigurationList;
			buildConfigurations = (
				E88438F624365BF900414007 /* Debug */,
				E88438F724365BF900414007 /* Release */,
			);
			defaultConfigurationIsVisible = 0;
			defaultConfigurationName = Release;
		};
		E88438F824365BF900414007 /* Build configuration list for PBXNativeTarget "DesignSwiftUIUITests" */ = {
			isa = XCConfigurationList;
			buildConfigurations = (
				E88438F924365BF900414007 /* Debug */,
				E88438FA24365BF900414007 /* Release */,
			);
			defaultConfigurationIsVisible = 0;
			defaultConfigurationName = Release;
		};
/* End XCConfigurationList section */

/* Begin XCRemoteSwiftPackageReference section */
		6FA4CA03250950D2000C6AB4 /* XCRemoteSwiftPackageReference "lottie-ios" */ = {
			isa = XCRemoteSwiftPackageReference;
			repositoryURL = "https://github.com/airbnb/lottie-ios.git";
			requirement = {
				kind = upToNextMajorVersion;
				minimumVersion = 3.1.8;
			};
		};
		E84E23D6243DE69D00A1A78D /* XCRemoteSwiftPackageReference "contentful.swift" */ = {
			isa = XCRemoteSwiftPackageReference;
			repositoryURL = "https://github.com/contentful/contentful.swift.git";
			requirement = {
				kind = upToNextMajorVersion;
				minimumVersion = 5.0.9;
			};
		};
		E84E23DB243DFBC500A1A78D /* XCRemoteSwiftPackageReference "SDWebImageSwiftUI" */ = {
			isa = XCRemoteSwiftPackageReference;
			repositoryURL = "https://github.com/SDWebImage/SDWebImageSwiftUI.git";
			requirement = {
				kind = upToNextMajorVersion;
				minimumVersion = 1.3.0;
			};
		};
/* End XCRemoteSwiftPackageReference section */

/* Begin XCSwiftPackageProductDependency section */
		6FA4CA04250950D2000C6AB4 /* Lottie */ = {
			isa = XCSwiftPackageProductDependency;
			package = 6FA4CA03250950D2000C6AB4 /* XCRemoteSwiftPackageReference "lottie-ios" */;
			productName = Lottie;
		};
/* End XCSwiftPackageProductDependency section */
	};
	rootObject = E88438C024365BF700414007 /* Project object */;
}
